
Microsoft Visual Studio Solution File, Format Version 12.00
# Visual Studio Version 17
VisualStudioVersion = 17.11.35312.102
MinimumVisualStudioVersion = 10.0.40219.1
Project("{FAE04EC0-301F-11D3-BF4B-00C04F79EFBC}") = "EntrevistiaWEB", "EntrevistiaWEB\EntrevistiaWEB.csproj", "{97E94A61-2736-4AAE-ABD7-04E30F923CC4}"
EndProject
Global
	GlobalSection(SolutionConfigurationPlatforms) = preSolution
		Debug|Any CPU = Debug|Any CPU
		Release|Any CPU = Release|Any CPU
	EndGlobalSection
	GlobalSection(ProjectConfigurationPlatforms) = postSolution
		{97E94A61-2736-4AAE-ABD7-04E30F923CC4}.Debug|Any CPU.ActiveCfg = Debug|Any CPU
		{97E94A61-2736-4AAE-ABD7-04E30F923CC4}.Debug|Any CPU.Build.0 = Debug|Any CPU
		{97E94A61-2736-4AAE-ABD7-04E30F923CC4}.Release|Any CPU.ActiveCfg = Release|Any CPU
		{97E94A61-2736-4AAE-ABD7-04E30F923CC4}.Release|Any CPU.Build.0 = Release|Any CPU
	EndGlobalSection
	GlobalSection(SolutionProperties) = preSolution
		HideSolutionNode = FALSE
	EndGlobalSection
	GlobalSection(ExtensibilityGlobals) = postSolution
		SolutionGuid = {2775C1BE-336A-4BD1-A55D-63F0F5C14864}
	EndGlobalSection
EndGlobal
